version = 1
revision = 3
requires-python = "==3.12.*"

[[package]]
name = "colorama"
version = "0.4.6"
source = { registry = "https://pypi.org/simple" }
sdist = { url = "https://files.pythonhosted.org/packages/d8/53/6f443c9a4a8358a93a6792e2acffb9d9d5cb0a5cfd8802644b7b1c9a02e4/colorama-0.4.6.tar.gz", hash = "sha256:08695f5cb7ed6e0531a20572697297273c47b8cae5a63ffc6d6ed5c201be6e44", size = 27697, upload-time = "2022-10-25T02:36:22.414Z" }
wheels = [
    { url = "https://files.pythonhosted.org/packages/d1/d6/3965ed04c63042e047cb6a3e6ed1a63a35087b6a609aa3a15ed8ac56c221/colorama-0.4.6-py2.py3-none-any.whl", hash = "sha256:4f1d9991f5acc0ca119f9d443620b77f9d6b33703e51011c16baf57afb285fc6", size = 25335, upload-time = "2022-10-25T02:36:20.889Z" },
]

[[package]]
name = "coverage"
version = "7.15.4"
source = { registry = "https://pypi.org/simple" }
sdist = { url = "https://files.pythonhosted.org/packages/be/c3/4f2195f512fb172aa425a8803a874b2baa9ba7f80ff7b6080998761fc701/coverage-7.15.4.tar.gz", hash = "sha256:0548198fff07ccf4faf469520bce1c2eceb1ce3e62891921138dec10907f9d00", size = 936952, upload-time = "2026-08-06T13:50:24.442Z" }
wheels = [
    { url = "https://files.pythonhosted.org/packages/1d/48/bc8d4ba7b37551a767bd863f15b3f80182b271c2f55975356f5f7dbe94c2/coverage-7.15.4-cp312-cp312-macosx_10_13_x86_64.whl", hash = "sha256:d4fedd1f7f428f9fe83b1ead5e7cc87a43427be31aadafbac3ac0636dc7abb22", size = 222543, upload-time = "2026-08-06T13:47:37.562Z" },
    { url = "https://files.pythonhosted.org/packages/20/dd/88d6f83f1fffc974a3691a34a97951c5b12df7512a6782c5963883cbc058/coverage-7.15.4-cp312-cp312-macosx_11_0_arm64.whl", hash = "sha256:37e2f0cdf58e2e1fed4e4d5a8f8786ae2f7eb80b478016876667dc4a01d60a97", size = 222905, upload-time = "2026-08-06T13:47:38.927Z" },
    { url = "https://files.pythonhosted.org/packages/bd/5c/54ee0d4748585bb0acab9891cd8d92f2d3593165b4e59fc9de113bfb3140/coverage-7.15.4-cp312-cp312-manylinux1_i686.manylinux_2_28_i686.manylinux_2_5_i686.whl", hash = "sha256:fb55d0e70bb15f2e81477613627286581414693d74ac7963c93a790dd453ca9d", size = 254407, upload-time = "2026-08-06T13:47:40.488Z" },
    { url = "https://files.pythonhosted.org/packages/8c/3f/f0642a372f494bd0d7dad3b497083b910194a5f1c88be2c94fef707c3b59/coverage-7.15.4-cp312-cp312-manylinux1_x86_64.manylinux_2_28_x86_64.manylinux_2_5_x86_64.whl", hash = "sha256:899b9da30f3c6c336566e3707495bb23e8302d39d862f01fa78c48b99b9437e2", size = 257145, upload-time = "2026-08-06T13:47:41.931Z" },
    { url = "https://files.pythonhosted.org/packages/71/17/8b46d0ed68251016002ec972c8fc0119961a765d0984cafb8bf317c43758/coverage-7.15.4-cp312-cp312-manylinux2014_aarch64.manylinux_2_17_aarch64.manylinux_2_28_aarch64.whl", hash = "sha256:d15715e8c46552827e5e4f30a35575a2dbcad14454cf3284c54483946bd16931", size = 258257, upload-time = "2026-08-06T13:47:43.527Z" },
    { url = "https://files.pythonhosted.org/packages/30/b8/8498a0e72d0adbe15477dd07463d2b3bb2c9f6a4815e8589e50939e2c3ae/coverage-7.15.4-cp312-cp312-manylinux2014_ppc64le.manylinux_2_17_ppc64le.manylinux_2_28_ppc64le.whl", hash = "sha256:002a438859f7b430bc99afeaf01a6d187dad1d0dc907b64cdeffc632a5db8fd8", size = 260517, upload-time = "2026-08-06T13:47:45.121Z" },
    { url = "https://files.pythonhosted.org/packages/41/e1/7dce19c3bdb1e3dd63e769508216500edad81bd5f69a26d724e32aceaf78/coverage-7.15.4-cp312-cp312-manylinux_2_31_riscv64.manylinux_2_39_riscv64.whl", hash = "sha256:e4193a04b518f7968f3099755f5509ee7cccc6dc2b92a6b14841934d22e222c9", size = 254785, upload-time = "2026-08-06T13:47:46.541Z" },
    { url = "https://files.pythonhosted.org/packages/dd/b1/e1494703c675a2561723cd9b89f45c9168782c31280c611b1f767851e57c/coverage-7.15.4-cp312-cp312-musllinux_1_2_aarch64.whl", hash = "sha256:e98dcc55d572b38e69d117da7e8e8efb8500f1f5eaf81ecd460a63220790b839", size = 256176, upload-time = "2026-08-06T13:47:48.155Z" },
    { url = "https://files.pythonhosted.org/packages/73/76/a5629d270fb638a43a4b10466f51e2f49d532c1aa4da2913cbbb150bbe0a/coverage-7.15.4-cp312-cp312-musllinux_1_2_i686.whl", hash = "sha256:af6c538498ce66c10d3fd541c2a8d5b03da5850355add34e6cba564210cb9e72", size = 254321, upload-time = "2026-08-06T13:47:49.757Z" },
    { url = "https://files.pythonhosted.org/packages/ff/4f/9c44447218435d5766b911534f9d798144a5560f85e9a54ebe5f3f5d19f9/coverage-7.15.4-cp312-cp312-musllinux_1_2_ppc64le.whl", hash = "sha256:1d10025d96ea89fc2f73714dbc4cbd433fe012c1ac9e23f895d7728b238b6e52", size = 258390, upload-time = "2026-08-06T13:47:51.248Z" },
    { url = "https://files.pythonhosted.org/packages/de/36/c1e127616fb3fa18a9ff71e76c417f2fd7424332a4870015ac224ef4c039/coverage-7.15.4-cp312-cp312-musllinux_1_2_riscv64.whl", hash = "sha256:d802e1947603162ded419bff83ac7489820355d2b856dfb09206574e3a37ac0c", size = 253894, upload-time = "2026-08-06T13:47:52.816Z" },
    { url = "https://files.pythonhosted.org/packages/e9/b9/fdb92c8ae7a8bb9b850cc253b7b3b9c8526f68130002048b5671cd510d09/coverage-7.15.4-cp312-cp312-musllinux_1_2_x86_64.whl", hash = "sha256:c2de40895718f91951b86712b4c5b694acaf9a0a49be13874896f599a1eed3f4", size = 255763, upload-time = "2026-08-06T13:47:54.296Z" },
    { url = "https://files.pythonhosted.org/packages/6f/c0/a7d51b2587c7bdb76e71b0896d2565bf7d60436b5122fc83e511adb1f7cd/coverage-7.15.4-cp312-cp312-win32.whl", hash = "sha256:5c3431b2161279b7db5c2a1aa58ae02e5cb8c3c42d93a5094be3f5537bd5b11b", size = 224597, upload-time = "2026-08-06T13:47:56.074Z" },
    { url = "https://files.pythonhosted.org/packages/49/b9/5c5f80cc55f5acaaca6dee677626bfcec8c87204a7809b438b08e84f4571/coverage-7.15.4-cp312-cp312-win_amd64.whl", hash = "sha256:6befeab5fb2b51c958ca4ac6c5d141a1e8240f4f76e46350f1911963deda49cd", size = 225135, upload-time = "2026-08-06T13:47:57.52Z" },
    { url = "https://files.pythonhosted.org/packages/47/e4/2a4561f89ff6bf7c925c287d0f2cce8bdf139c3a33735c87e3203401cf94/coverage-7.15.4-cp312-cp312-win_arm64.whl", hash = "sha256:67bc345491ab55b837277d76f5775d057e8c7f1ac44d890d8c2c82adde258c6f", size = 224515, upload-time = "2026-08-06T13:47:58.977Z" },
    { url = "https://files.pythonhosted.org/packages/b4/d9/e70c286c979378f061d8266e279b686ab0b0b688e1fe0af864684f23a77d/coverage-7.15.4-py3-none-any.whl", hash = "sha256:964730a1e9de9c0cf11be6a1a3c79ce419c34882842abd256086ba4698705e84", size = 214332, upload-time = "2026-08-06T13:50:22.192Z" },
]

[[package]]
name = "iniconfig"
version = "2.3.0"
source = { registry = "https://pypi.org/simple" }
sdist = { url = "https://files.pythonhosted.org/packages/72/34/14ca021ce8e5dfedc35312d08ba8bf51fdd999c576889fc2c24cb97f4f10/iniconfig-2.3.0.tar.gz", hash = "sha256:c76315c77db068650d49c5b56314774a7804df16fee4402c1f19d6d15d8c4730", size = 20503, upload-time = "2025-10-18T21:55:43.219Z" }
wheels = [
    { url = "https://files.pythonhosted.org/packages/cb/b1/3846dd7f199d53cb17f49cba7e651e9ce294d8497c8c150530ed11865bb8/iniconfig-2.3.0-py3-none-any.whl", hash = "sha256:f631c04d2c48c52b84d0d0549c99ff3859c98df65b3101406327ecc7d53fbf12", size = 7484, upload-time = "2025-10-18T21:55:41.639Z" },
]

[[package]]
name = "numpy"
version = "1.26.4"
source = { registry = "https://pypi.org/simple" }
sdist = { url = "https://files.pythonhosted.org/packages/65/6e/09db70a523a96d25e115e71cc56a6f9031e7b8cd166c1ac8438307c14058/numpy-1.26.4.tar.gz", hash = "sha256:2a02aba9ed12e4ac4eb3ea9421c420301a0c6460d9830d74a9df87efa4912010", size = 15786129, upload-time = "2024-02-06T00:26:44.495Z" }
wheels = [
    { url = "https://files.pythonhosted.org/packages/95/12/8f2020a8e8b8383ac0177dc9570aad031a3beb12e38847f7129bacd96228/numpy-1.26.4-cp312-cp312-macosx_10_9_x86_64.whl", hash = "sha256:b3ce300f3644fb06443ee2222c2201dd3a89ea6040541412b8fa189341847218", size = 20335901, upload-time = "2024-02-05T23:55:32.801Z" },
    { url = "https://files.pythonhosted.org/packages/75/5b/ca6c8bd14007e5ca171c7c03102d17b4f4e0ceb53957e8c44343a9546dcc/numpy-1.26.4-cp312-cp312-macosx_11_0_arm64.whl", hash = "sha256:03a8c78d01d9781b28a6989f6fa1bb2c4f2d51201cf99d3dd875df6fbd96b23b", size = 13685868, upload-time = "2024-02-05T23:55:56.28Z" },
    { url = "https://files.pythonhosted.org/packages/79/f8/97f10e6755e2a7d027ca783f63044d5b1bc1ae7acb12afe6a9b4286eac17/numpy-1.26.4-cp312-cp312-manylinux_2_17_aarch64.manylinux2014_aarch64.whl", hash = "sha256:9fad7dcb1aac3c7f0584a5a8133e3a43eeb2fe127f47e3632d43d677c66c102b", size = 13925109, upload-time = "2024-02-05T23:56:20.368Z" },
    { url = "https://files.pythonhosted.org/packages/0f/50/de23fde84e45f5c4fda2488c759b69990fd4512387a8632860f3ac9cd225/numpy-1.26.4-cp312-cp312-manylinux_2_17_x86_64.manylinux2014_x86_64.whl", hash = "sha256:675d61ffbfa78604709862923189bad94014bef562cc35cf61d3a07bba02a7ed", size = 17950613, upload-time = "2024-02-05T23:56:56.054Z" },
    { url = "https://files.pythonhosted.org/packages/4c/0c/9c603826b6465e82591e05ca230dfc13376da512b25ccd0894709b054ed0/numpy-1.26.4-cp312-cp312-musllinux_1_1_aarch64.whl", hash = "sha256:ab47dbe5cc8210f55aa58e4805fe224dac469cde56b9f731a4c098b91917159a", size = 13572172, upload-time = "2024-02-05T23:57:21.56Z" },
    { url = "https://files.pythonhosted.org/packages/76/8c/2ba3902e1a0fc1c74962ea9bb33a534bb05984ad7ff9515bf8d07527cadd/numpy-1.26.4-cp312-cp312-musllinux_1_1_x86_64.whl", hash = "sha256:1dda2e7b4ec9dd512f84935c5f126c8bd8b9f2fc001e9f54af255e8c5f16b0e0", size = 17786643, upload-time = "2024-02-05T23:57:56.585Z" },
    { url = "https://files.pythonhosted.org/packages/28/4a/46d9e65106879492374999e76eb85f87b15328e06bd1550668f79f7b18c6/numpy-1.26.4-cp312-cp312-win32.whl", hash = "sha256:50193e430acfc1346175fcbdaa28ffec49947a06918b7b92130744e81e640110", size = 5677803, upload-time = "2024-02-05T23:58:08.963Z" },
    { url = "https://files.pythonhosted.org/packages/16/2e/86f24451c2d530c88daf997cb8d6ac622c1d40d19f5a031ed68a4b73a374/numpy-1.26.4-cp312-cp312-win_amd64.whl", hash = "sha256:08beddf13648eb95f8d867350f6a018a4be2e5ad54c8d8caed89ebca558b2818", size = 15517754, upload-time = "2024-02-05T23:58:36.364Z" },
]

[[package]]
name = "packaging"
version = "24.1"
source = { registry = "https://pypi.org/simple" }
sdist = { url = "https://files.pythonhosted.org/packages/51/65/50db4dda066951078f0a96cf12f4b9ada6e4b811516bf0262c0f4f7064d4/packaging-24.1.tar.gz", hash = "sha256:026ed72c8ed3fcce5bf8950572258698927fd1dbda10a5e981cdf0ac37f4f002", size = 148788, upload-time = "2024-06-09T23:19:24.956Z" }
wheels = [
    { url = "https://files.pythonhosted.org/packages/08/aa/cc0199a5f0ad350994d660967a8efb233fe0416e4639146c089643407ce6/packaging-24.1-py3-none-any.whl", hash = "sha256:5b8f2217dbdbd2f7f384c41c628544e6d52f2d0f53c6d0c3ea61aa5d1d7ff124", size = 53985, upload-time = "2024-06-09T23:19:21.909Z" },
]

[[package]]
name = "pluggy"
version = "1.6.0"
source = { registry = "https://pypi.org/simple" }
sdist = { url = "https://files.pythonhosted.org/packages/f9/e2/3e91f31a7d2b083fe6ef3fa267035b518369d9511ffab804f839851d2779/pluggy-1.6.0.tar.gz", hash = "sha256:7dcc130b76258d33b90f61b658791dede3486c3e6bfb003ee5c9bfb396dd22f3", size = 69412, upload-time = "2025-05-15T12:30:07.975Z" }
wheels = [
    { url = "https://files.pythonhosted.org/packages/54/20/4d324d65cc6d9205fabedc306948156824eb9f0ee1633355a8f7ec5c66bf/pluggy-1.6.0-py3-none-any.whl", hash = "sha256:e920276dd6813095e9377c0bc5566d94c932c33b27a3e3945d8389c374dd4746", size = 20538, upload-time = "2025-05-15T12:30:06.134Z" },
]

[[package]]
name = "psutil"
version = "7.2.2"
source = { registry = "https://pypi.org/simple" }
sdist = { url = "https://files.pythonhosted.org/packages/aa/c6/d1ddf4abb55e93cebc4f2ed8b5d6dbad109ecb8d63748dd2b20ab5e57ebe/psutil-7.2.2.tar.gz", hash = "sha256:0746f5f8d406af344fd547f1c8daa5f5c33dbc293bb8d6a16d80b4bb88f59372", size = 493740, upload-time = "2026-01-28T18:14:54.428Z" }
wheels = [
    { url = "https://files.pythonhosted.org/packages/b4/90/e2159492b5426be0c1fef7acba807a03511f97c5f86b3caeda6ad92351a7/psutil-7.2.2-cp37-abi3-win_amd64.whl", hash = "sha256:eb7e81434c8d223ec4a219b5fc1c47d0417b12be7ea866e24fb5ad6e84b3d988", size = 137737, upload-time = "2026-01-28T18:15:33.849Z" },
    { url = "https://files.pythonhosted.org/packages/8c/c7/7bb2e321574b10df20cbde462a94e2b71d05f9bbda251ef27d104668306a/psutil-7.2.2-cp37-abi3-win_arm64.whl", hash = "sha256:8c233660f575a5a89e6d4cb65d9f938126312bca76d8fe087b947b3a1aaac9ee", size = 134617, upload-time = "2026-01-28T18:15:36.514Z" },
]

[[package]]
name = "pyaudiowpatch"
version = "0.2.12.8"
source = { registry = "https://pypi.org/simple" }
wheels = [
    { url = "https://files.pythonhosted.org/packages/88/4e/ba7c938033fb25ba25f35e9f125f5c270e60c7789e65662d37424a5d9c0c/pyaudiowpatch-0.2.12.8-cp312-cp312-win32.whl", hash = "sha256:5c6f54cbee50ed3c971767cc8e85f45e94012aa3c4363b7cdd8541e9f9496d01", size = 96800, upload-time = "2026-01-14T18:19:29.01Z" },
    { url = "https://files.pythonhosted.org/packages/e5/e1/c25c239737386a3fd85354ce35a00fbe83e993a7e51d76791022850ca12c/pyaudiowpatch-0.2.12.8-cp312-cp312-win_amd64.whl", hash = "sha256:fd163a6531c4e4969925e687ef1bc57fae8ecc1a95de7ba707a436622552d7fa", size = 99319, upload-time = "2026-01-14T18:19:31.063Z" },
]

[[package]]
name = "pygments"
version = "2.21.0"
source = { registry = "https://pypi.org/simple" }
sdist = { url = "https://files.pythonhosted.org/packages/49/2e/ced460408999b33da6b31b0021b0f37d329e202d4169aeb164493778f25b/pygments-2.21.0.tar.gz", hash = "sha256:610ca751c9bc2492b38eb9a38a7fbc93edbbb2d7182edaf34e66ae493dee5c8c", size = 5005329, upload-time = "2026-08-17T08:02:48.824Z" }
wheels = [
    { url = "https://files.pythonhosted.org/packages/71/46/17f022dd3e953bf20a04a028a21ec746d942f8d2af30fa0f124fa0e6a684/pygments-2.21.0-py3-none-any.whl", hash = "sha256:2363c69b61c4a97c838da3b130dcd6468f4848992b21a82f2a63ec34377137d9", size = 1250147, upload-time = "2026-08-17T08:02:44.912Z" },
]

[[package]]
name = "pytest"
version = "9.1.1"
source = { registry = "https://pypi.org/simple" }
dependencies = [
    { name = "colorama", marker = "sys_platform == 'win32'" },
    { name = "iniconfig" },
    { name = "packaging" },
    { name = "pluggy" },
    { name = "pygments" },
]
sdist = { url = "https://files.pythonhosted.org/packages/e4/47/b9efed96c114afcfa3c9d3fe98a76a1d14c74a9e266d397cf6eb64be5e01/pytest-9.1.1.tar.gz", hash = "sha256:1088fbde8f2b49d95a549a195707afa7a76a3ce9bcadc26b6d71f0ffda5fe313", size = 1636369, upload-time = "2026-06-19T10:58:32.857Z" }
wheels = [
    { url = "https://files.pythonhosted.org/packages/24/25/1de2678b631f5a49215c6c96fff41ba892b0a34df68d6d80292b1b48aa7f/pytest-9.1.1-py3-none-any.whl", hash = "sha256:37a86b45efb9a47a61a36449063e8e18d0cab3161329fc099eb21783169c4f0c", size = 386536, upload-time = "2026-06-19T10:58:31.347Z" },
]

[[package]]
name = "pytest-cov"
version = "7.1.0"
source = { registry = "https://pypi.org/simple" }
dependencies = [
    { name = "coverage" },
    { name = "pluggy" },
    { name = "pytest" },
]
sdist = { url = "https://files.pythonhosted.org/packages/b1/51/a849f96e117386044471c8ec2bd6cfebacda285da9525c9106aeb28da671/pytest_cov-7.1.0.tar.gz", hash = "sha256:30674f2b5f6351aa09702a9c8c364f6a01c27aae0c1366ae8016160d1efc56b2", size = 55592, upload-time = "2026-03-21T20:11:16.284Z" }
wheels = [
    { url = "https://files.pythonhosted.org/packages/9d/7a/d968e294073affff457b041c2be9868a40c1c71f4a35fcc1e45e5493067b/pytest_cov-7.1.0-py3-none-any.whl", hash = "sha256:a0461110b7865f9a271aa1b51e516c9a95de9d696734a2f71e3e78f46e1d4678", size = 22876, upload-time = "2026-03-21T20:11:14.438Z" },
]

[[package]]
name = "real-time-captions"
version = "0.1.0"
source = { editable = "." }
dependencies = [
    { name = "numpy" },
    { name = "scipy" },
]

[package.dev-dependencies]
dev = [
    { name = "pytest" },
    { name = "pytest-cov" },
]
windows-audio = [
    { name = "psutil", marker = "sys_platform == 'win32'" },
    { name = "pyaudiowpatch", marker = "sys_platform == 'win32'" },
]

[package.metadata]
requires-dist = [
    { name = "numpy", specifier = "<2.0.0" },
    { name = "scipy", specifier = ">=1.14" },
]

[package.metadata.requires-dev]
dev = [
    { name = "pytest", specifier = ">=8.3" },
    { name = "pytest-cov", specifier = ">=6.0" },
]
windows-audio = [
    { name = "psutil", marker = "sys_platform == 'win32'", specifier = ">=7.0,<8" },
    { name = "pyaudiowpatch", marker = "sys_platform == 'win32'", specifier = "==0.2.12.8" },
]

[[package]]
name = "scipy"
version = "1.17.1"
source = { registry = "https://pypi.org/simple" }
dependencies = [
    { name = "numpy" },
]
sdist = { url = "https://files.pythonhosted.org/packages/7a/97/5a3609c4f8d58b039179648e62dd220f89864f56f7357f5d4f45c29eb2cc/scipy-1.17.1.tar.gz", hash = "sha256:95d8e012d8cb8816c226aef832200b1d45109ed4464303e997c5b13122b297c0", size = 30573822, upload-time = "2026-02-23T00:26:24.851Z" }
wheels = [
    { url = "https://files.pythonhosted.org/packages/35/48/b992b488d6f299dbe3f11a20b24d3dda3d46f1a635ede1c46b5b17a7b163/scipy-1.17.1-cp312-cp312-macosx_10_14_x86_64.whl", hash = "sha256:35c3a56d2ef83efc372eaec584314bd0ef2e2f0d2adb21c55e6ad5b344c0dcb8", size = 31610954, upload-time = "2026-02-23T00:17:49.855Z" },
    { url = "https://files.pythonhosted.org/packages/b2/02/cf107b01494c19dc100f1d0b7ac3cc08666e96ba2d64db7626066cee895e/scipy-1.17.1-cp312-cp312-macosx_12_0_arm64.whl", hash = "sha256:fcb310ddb270a06114bb64bbe53c94926b943f5b7f0842194d585c65eb4edd76", size = 28172662, upload-time = "2026-02-23T00:18:01.64Z" },
    { url = "https://files.pythonhosted.org/packages/cf/a9/599c28631bad314d219cf9ffd40e985b24d603fc8a2f4ccc5ae8419a535b/scipy-1.17.1-cp312-cp312-macosx_14_0_arm64.whl", hash = "sha256:cc90d2e9c7e5c7f1a482c9875007c095c3194b1cfedca3c2f3291cdc2bc7c086", size = 20344366, upload-time = "2026-02-23T00:18:12.015Z" },
    { url = "https://files.pythonhosted.org/packages/35/f5/906eda513271c8deb5af284e5ef0206d17a96239af79f9fa0aebfe0e36b4/scipy-1.17.1-cp312-cp312-macosx_14_0_x86_64.whl", hash = "sha256:c80be5ede8f3f8eded4eff73cc99a25c388ce98e555b17d31da05287015ffa5b", size = 22704017, upload-time = "2026-02-23T00:18:21.502Z" },
    { url = "https://files.pythonhosted.org/packages/da/34/16f10e3042d2f1d6b66e0428308ab52224b6a23049cb2f5c1756f713815f/scipy-1.17.1-cp312-cp312-manylinux_2_27_aarch64.manylinux_2_28_aarch64.whl", hash = "sha256:e19ebea31758fac5893a2ac360fedd00116cbb7628e650842a6691ba7ca28a21", size = 32927842, upload-time = "2026-02-23T00:18:35.367Z" },
    { url = "https://files.pythonhosted.org/packages/01/8e/1e35281b8ab6d5d72ebe9911edcdffa3f36b04ed9d51dec6dd140396e220/scipy-1.17.1-cp312-cp312-manylinux_2_27_x86_64.manylinux_2_28_x86_64.whl", hash = "sha256:02ae3b274fde71c5e92ac4d54bc06c42d80e399fec704383dcd99b301df37458", size = 35235890, upload-time = "2026-02-23T00:18:49.188Z" },
    { url = "https://files.pythonhosted.org/packages/c5/5c/9d7f4c88bea6e0d5a4f1bc0506a53a00e9fcb198de372bfe4d3652cef482/scipy-1.17.1-cp312-cp312-musllinux_1_2_aarch64.whl", hash = "sha256:8a604bae87c6195d8b1045eddece0514d041604b14f2727bbc2b3020172045eb", size = 35003557, upload-time = "2026-02-23T00:18:54.74Z" },
    { url = "https://files.pythonhosted.org/packages/65/94/7698add8f276dbab7a9de9fb6b0e02fc13ee61d51c7c3f85ac28b65e1239/scipy-1.17.1-cp312-cp312-musllinux_1_2_x86_64.whl", hash = "sha256:f590cd684941912d10becc07325a3eeb77886fe981415660d9265c4c418d0bea", size = 37625856, upload-time = "2026-02-23T00:19:00.307Z" },
    { url = "https://files.pythonhosted.org/packages/a2/84/dc08d77fbf3d87d3ee27f6a0c6dcce1de5829a64f2eae85a0ecc1f0daa73/scipy-1.17.1-cp312-cp312-win_amd64.whl", hash = "sha256:41b71f4a3a4cab9d366cd9065b288efc4d4f3c0b37a91a8e0947fb5bd7f31d87", size = 36549682, upload-time = "2026-02-23T00:19:07.67Z" },
    { url = "https://files.pythonhosted.org/packages/bc/98/fe9ae9ffb3b54b62559f52dedaebe204b408db8109a8c66fdd04869e6424/scipy-1.17.1-cp312-cp312-win_arm64.whl", hash = "sha256:f4115102802df98b2b0db3cce5cb9b92572633a1197c77b7553e5203f284a5b3", size = 24547340, upload-time = "2026-02-23T00:19:12.024Z" },
]
